Microsoft Visual Studio Solution File, Format Version 12.00
# Visual Studio Version 17
VisualStudioVersion = 17.5.2.0
MinimumVisualStudioVersion = 10.0.40219.1
Project("{FAE04EC0-301F-11D3-BF4B-00C04F79EFBC}") = "AwsApiDemo", "AwsApiDemo.csproj", "{2A5897A1-4AB4-0A98-08B5-6D5410C348CF}"
EndProject
Global
	GlobalSection(SolutionConfigurationPlatforms) = preSolution
		Debug|Any CPU = Debug|Any CPU
		Release|Any CPU = Release|Any CPU
	EndGlobalSection
	GlobalSection(ProjectConfigurationPlatforms) = postSolution
		{2A5897A1-4AB4-0A98-08B5-6D5410C348CF}.Debug|Any CPU.ActiveCfg = Debug|Any CPU
		{2A5897A1-4AB4-0A98-08B5-6D5410C348CF}.Debug|Any CPU.Build.0 = Debug|Any CPU
		{2A5897A1-4AB4-0A98-08B5-6D5410C348CF}.Release|Any CPU.ActiveCfg = Release|Any CPU
		{2A5897A1-4AB4-0A98-08B5-6D5410C348CF}.Release|Any CPU.Build.0 = Release|Any CPU
	EndGlobalSection
	GlobalSection(SolutionProperties) = preSolution
		HideSolutionNode = FALSE
	EndGlobalSection
	GlobalSection(ExtensibilityGlobals) = postSolution
		SolutionGuid = {2C0A3F47-E285-4092-90AD-9D86A6758FAE}
	EndGlobalSection
EndGlobal
